PODS:
  - DanmakuKit/Core (1.5.0)
  - DanmakuKit/Gif (1.5.0):
    - DanmakuKit/Core
  - DanmakuKit/SwiftUI (1.5.0):
    - DanmakuKit/Core
  - DeviceKit (4.1.0)
  - SwiftyJSON (5.0.1)

DEPENDENCIES:
  - DanmakuKit/Core (from `../`)
  - DanmakuKit/Gif (from `../`)
  - DanmakuKit/SwiftUI (from `../`)
  - DeviceKit (~> 4.0)
  - SwiftyJSON (~> 5.0.0)

SPEC REPOS:
  trunk:
    - DeviceKit
    - SwiftyJSON

EXTERNAL SOURCES:
  DanmakuKit:
    :path: "../"

SPEC CHECKSUMS:
  DanmakuKit: bfe1c8a742e3bb67d84e06653d5c102a59a482bf
  DeviceKit: aaa4743a15ef1e2021fe654dffa32a3ed15672aa
  SwiftyJSON: 2f33a42c6fbc52764d96f13368585094bfd8aa5e

PODFILE CHECKSUM: 6307ed3f74934bb78a7647f99f78eae2cb34976a

COCOAPODS: 1.14.3
